
Microsoft Visual Studio Solution File, Format Version 12.00
# Visual Studio Version 16
VisualStudioVersion = 16.0.30717.126
MinimumVisualStudioVersion = 10.0.40219.1
Project("{FAE04EC0-301F-11D3-BF4B-00C04F79EFBC}") = "MVCRute", "MVCRute\MVCRute.csproj", "{3C9E98C2-58B1-47D6-B5BB-D0136E2C2E0E}"
EndProject
Global
	GlobalSection(SolutionConfigurationPlatforms) = preSolution
		Debug|Any CPU = Debug|Any CPU
		Release|Any CPU = Release|Any CPU
	EndGlobalSection
	GlobalSection(ProjectConfigurationPlatforms) = postSolution
		{3C9E98C2-58B1-47D6-B5BB-D0136E2C2E0E}.Debug|Any CPU.ActiveCfg = Debug|Any CPU
		{3C9E98C2-58B1-47D6-B5BB-D0136E2C2E0E}.Debug|Any CPU.Build.0 = Debug|Any CPU
		{3C9E98C2-58B1-47D6-B5BB-D0136E2C2E0E}.Release|Any CPU.ActiveCfg = Release|Any CPU
		{3C9E98C2-58B1-47D6-B5BB-D0136E2C2E0E}.Release|Any CPU.Build.0 = Release|Any CPU
	EndGlobalSection
	GlobalSection(SolutionProperties) = preSolution
		HideSolutionNode = FALSE
	EndGlobalSection
	GlobalSection(ExtensibilityGlobals) = postSolution
		SolutionGuid = {B9FD0BA4-FF6B-45BB-9631-C01BA64447A5}
	EndGlobalSection
EndGlobal
